
Microsoft Visual Studio Solution File, Format Version 12.00
# Visual Studio 15
VisualStudioVersion = 15.0.28307.168
MinimumVisualStudioVersion = 10.0.40219.1
Project("{FAE04EC0-301F-11D3-BF4B-00C04F79EFBC}") = "ex3", "ex3\ex3.csproj", "{8B672FA2-F097-4C7C-B9C6-F0AE26B18A47}"
EndProject
Global
	GlobalSection(SolutionConfigurationPlatforms) = preSolution
		Debug|Any CPU = Debug|Any CPU
		Release|Any CPU = Release|Any CPU
	EndGlobalSection
	GlobalSection(ProjectConfigurationPlatforms) = postSolution
		{8B672FA2-F097-4C7C-B9C6-F0AE26B18A47}.Debug|Any CPU.ActiveCfg = Debug|Any CPU
		{8B672FA2-F097-4C7C-B9C6-F0AE26B18A47}.Debug|Any CPU.Build.0 = Debug|Any CPU
		{8B672FA2-F097-4C7C-B9C6-F0AE26B18A47}.Release|Any CPU.ActiveCfg = Release|Any CPU
		{8B672FA2-F097-4C7C-B9C6-F0AE26B18A47}.Release|Any CPU.Build.0 = Release|Any CPU
	EndGlobalSection
	GlobalSection(SolutionProperties) = preSolution
		HideSolutionNode = FALSE
	EndGlobalSection
	GlobalSection(ExtensibilityGlobals) = postSolution
		SolutionGuid = {F58D5AFF-8D4E-45B7-ADB0-7A785B102273}
	EndGlobalSection
EndGlobal
