
Microsoft Visual Studio Solution File, Format Version 12.00
# Visual Studio 15
VisualStudioVersion = 15.0.28307.168
MinimumVisualStudioVersion = 10.0.40219.1
Project("{FAE04EC0-301F-11D3-BF4B-00C04F79EFBC}") = "site", "site\site.csproj", "{EC8AD0D0-81B5-40CE-986B-553812790F29}"
EndProject
Global
	GlobalSection(SolutionConfigurationPlatforms) = preSolution
		Debug|Any CPU = Debug|Any CPU
		Release|Any CPU = Release|Any CPU
	EndGlobalSection
	GlobalSection(ProjectConfigurationPlatforms) = postSolution
		{EC8AD0D0-81B5-40CE-986B-553812790F29}.Debug|Any CPU.ActiveCfg = Debug|Any CPU
		{EC8AD0D0-81B5-40CE-986B-553812790F29}.Debug|Any CPU.Build.0 = Debug|Any CPU
		{EC8AD0D0-81B5-40CE-986B-553812790F29}.Release|Any CPU.ActiveCfg = Release|Any CPU
		{EC8AD0D0-81B5-40CE-986B-553812790F29}.Release|Any CPU.Build.0 = Release|Any CPU
	EndGlobalSection
	GlobalSection(SolutionProperties) = preSolution
		HideSolutionNode = FALSE
	EndGlobalSection
	GlobalSection(ExtensibilityGlobals) = postSolution
		SolutionGuid = {8CFC29B3-7D73-4BC1-8A9E-A1DCEC160B2E}
	EndGlobalSection
EndGlobal
