
Microsoft Visual Studio Solution File, Format Version 12.00
# Visual Studio 15
VisualStudioVersion = 15.0.28307.168
MinimumVisualStudioVersion = 10.0.40219.1
Project("{FAE04EC0-301F-11D3-BF4B-00C04F79EFBC}") = "ex8", "ex8\ex8.csproj", "{D882B4B2-2088-48EA-B06C-4EE70AF4A4CB}"
EndProject
Global
	GlobalSection(SolutionConfigurationPlatforms) = preSolution
		Debug|Any CPU = Debug|Any CPU
		Release|Any CPU = Release|Any CPU
	EndGlobalSection
	GlobalSection(ProjectConfigurationPlatforms) = postSolution
		{D882B4B2-2088-48EA-B06C-4EE70AF4A4CB}.Debug|Any CPU.ActiveCfg = Debug|Any CPU
		{D882B4B2-2088-48EA-B06C-4EE70AF4A4CB}.Debug|Any CPU.Build.0 = Debug|Any CPU
		{D882B4B2-2088-48EA-B06C-4EE70AF4A4CB}.Release|Any CPU.ActiveCfg = Release|Any CPU
		{D882B4B2-2088-48EA-B06C-4EE70AF4A4CB}.Release|Any CPU.Build.0 = Release|Any CPU
	EndGlobalSection
	GlobalSection(SolutionProperties) = preSolution
		HideSolutionNode = FALSE
	EndGlobalSection
	GlobalSection(ExtensibilityGlobals) = postSolution
		SolutionGuid = {0F707D04-BD73-4365-A069-6EFE6D1B7713}
	EndGlobalSection
EndGlobal
